
Microsoft Visual Studio Solution File, Format Version 12.00
# Visual Studio Version 16
VisualStudioVersion = 25.0.1703.0
MinimumVisualStudioVersion = 10.0.40219.1
Project("{FAE04EC0-301F-11D3-BF4B-00C04F79EFBC}") = "PizzaShop", "PizzaShop\PizzaShop.csproj", "{4A4AAF7D-80E9-4566-8138-5DF367061AEE}"
EndProject
Global
	GlobalSection(SolutionConfigurationPlatforms) = preSolution
		Debug|Any CPU = Debug|Any CPU
		Release|Any CPU = Release|Any CPU
	EndGlobalSection
	GlobalSection(ProjectConfigurationPlatforms) = postSolution
		{4A4AAF7D-80E9-4566-8138-5DF367061AEE}.Debug|Any CPU.ActiveCfg = Debug|Any CPU
		{4A4AAF7D-80E9-4566-8138-5DF367061AEE}.Debug|Any CPU.Build.0 = Debug|Any CPU
		{4A4AAF7D-80E9-4566-8138-5DF367061AEE}.Release|Any CPU.ActiveCfg = Release|Any CPU
		{4A4AAF7D-80E9-4566-8138-5DF367061AEE}.Release|Any CPU.Build.0 = Release|Any CPU
	EndGlobalSection
	GlobalSection(SolutionProperties) = preSolution
		HideSolutionNode = FALSE
	EndGlobalSection
	GlobalSection(ExtensibilityGlobals) = postSolution
		SolutionGuid = {F7CFC2E2-E474-4E22-8ED4-243D3546BFEC}
	EndGlobalSection
EndGlobal
